<?xml version="1.0" encoding="utf-8"?>
<Project ToolsVersion="4.0" xmlns="http://schemas.microsoft.com/developer/msbuild/2003">
  <ItemGroup>
    <Filter Include="Main">
      <UniqueIdentifier>{b70c8b7c-50b8-496a-bbab-7eff94922f8f}</UniqueIdentifier>
    </Filter>
    <Filter Include="Utils">
      <UniqueIdentifier>{1d56950e-adaa-4230-968a-93cf0aeeaa30}</UniqueIdentifier>
    </Filter>
    <Filter Include="Modules">
      <UniqueIdentifier>{4b28d6d2-2c8c-417f-9dff-80a65104fb4b}</UniqueIdentifier>
    </Filter>
    <Filter Include="Modules\GuiPanels">
      <UniqueIdentifier>{0a748f5b-18f7-4557-85a3-4e341c72d392}</UniqueIdentifier>
    </Filter>
  </ItemGroup>
  <ItemGroup>
    <ClCompile Include="Main.cpp">
      <Filter>Main</Filter>
    </ClCompile>
    <ClCompile Include="App.cpp">
      <Filter>Main</Filter>
    </ClCompile>
    <ClCompile Include="Timer.cpp">
      <Filter>Utils</Filter>
    </ClCompile>
    <ClCompile Include="GUI.cpp">
      <Filter>Modules</Filter>
    </ClCompile>
    <ClCompile Include="PanelHierarchy.cpp">
      <Filter>Modules\GuiPanels</Filter>
    </ClCompile>
    <ClCompile Include="PanelProject.cpp">
      <Filter>Modules\GuiPanels</Filter>
    </ClCompile>
    <ClCompile Include="PanelInspector.cpp">
      <Filter>Modules\GuiPanels</Filter>
    </ClCompile>
    <ClCompile Include="PanelScene.cpp">
      <Filter>Modules\GuiPanels</Filter>
    </ClCompile>
    <ClCompile Include="PanelGame.cpp">
      <Filter>Modules\GuiPanels</Filter>
    </ClCompile>
    <ClCompile Include="PanelConsole.cpp">
      <Filter>Modules\GuiPanels</Filter>
    </ClCompile>
    <ClCompile Include="PanelAnimation.cpp">
      <Filter>Modules\GuiPanels</Filter>
    </ClCompile>
    <ClCompile Include="PanelAbout.cpp">
      <Filter>Modules\GuiPanels</Filter>
    </ClCompile>
    <ClCompile Include="PanelLayer.cpp">
      <Filter>Modules\GuiPanels</Filter>
    </ClCompile>
  </ItemGroup>
  <ItemGroup>
    <ClInclude Include="App.h">
      <Filter>Main</Filter>
    </ClInclude>
    <ClInclude Include="Timer.h">
      <Filter>Utils</Filter>
    </ClInclude>
    <ClInclude Include="Module.h">
      <Filter>Modules</Filter>
    </ClInclude>
    <ClInclude Include="GUI.h">
      <Filter>Modules</Filter>
    </ClInclude>
    <ClInclude Include="GuiPanel.h">
      <Filter>Modules\GuiPanels</Filter>
    </ClInclude>
    <ClInclude Include="PanelHierarchy.h">
      <Filter>Modules\GuiPanels</Filter>
    </ClInclude>
    <ClInclude Include="PanelProject.h">
      <Filter>Modules\GuiPanels</Filter>
    </ClInclude>
    <ClInclude Include="PanelInspector.h">
      <Filter>Modules\GuiPanels</Filter>
    </ClInclude>
    <ClInclude Include="PanelScene.h">
      <Filter>Modules\GuiPanels</Filter>
    </ClInclude>
    <ClInclude Include="PanelGame.h">
      <Filter>Modules\GuiPanels</Filter>
    </ClInclude>
    <ClInclude Include="PanelConsole.h">
      <Filter>Modules\GuiPanels</Filter>
    </ClInclude>
    <ClInclude Include="PanelAnimation.h">
      <Filter>Modules\GuiPanels</Filter>
    </ClInclude>
    <ClInclude Include="PanelAbout.h">
      <Filter>Modules\GuiPanels</Filter>
    </ClInclude>
    <ClInclude Include="resource.h" />
    <ClInclude Include="PanelLayer.h">
      <Filter>Modules\GuiPanels</Filter>
    </ClInclude>
  </ItemGroup>
  <ItemGroup>
    <ResourceCompile Include="ManLiteEditor.rc" />
  </ItemGroup>
  <ItemGroup>
    <Image Include="Config\Icons\icon.ico" />
  </ItemGroup>
</Project>