
Microsoft Visual Studio Solution File, Format Version 12.00
# Visual Studio Version 17
VisualStudioVersion = 17.9.34714.143
MinimumVisualStudioVersion = 10.0.40219.1
Project("{8BC9CEB8-8B4A-11D0-8D11-00A0C91BC942}") = "ManLiteEditor", "ManLiteEditor\ManLiteEditor.vcxproj", "{992058DC-3804-4FBA-BC8E-4C9A34387817}"
	ProjectSection(ProjectDependencies) = postProject
		{56225D11-006D-47CA-9BD8-873DFBEEFEB6} = {56225D11-006D-47CA-9BD8-873DFBEEFEB6}
	EndProjectSection
EndProject
Project("{8BC9CEB8-8B4A-11D0-8D11-00A0C91BC942}") = "ManLiteEngine", "ManLiteEngine\ManLiteEngine.vcxproj", "{56225D11-006D-47CA-9BD8-873DFBEEFEB6}"
EndProject
Global
	GlobalSection(SolutionConfigurationPlatforms) = preSolution
		Debug|x64 = Debug|x64
		Debug|x86 = Debug|x86
		Release|x64 = Release|x64
		Release|x86 = Release|x86
	EndGlobalSection
	GlobalSection(ProjectConfigurationPlatforms) = postSolution
		{992058DC-3804-4FBA-BC8E-4C9A34387817}.Debug|x64.ActiveCfg = Debug|x64
		{992058DC-3804-4FBA-BC8E-4C9A34387817}.Debug|x64.Build.0 = Debug|x64
		{992058DC-3804-4FBA-BC8E-4C9A34387817}.Debug|x86.ActiveCfg = Debug|Win32
		{992058DC-3804-4FBA-BC8E-4C9A34387817}.Debug|x86.Build.0 = Debug|Win32
		{992058DC-3804-4FBA-BC8E-4C9A34387817}.Release|x64.ActiveCfg = Release|x64
		{992058DC-3804-4FBA-BC8E-4C9A34387817}.Release|x64.Build.0 = Release|x64
		{992058DC-3804-4FBA-BC8E-4C9A34387817}.Release|x86.ActiveCfg = Release|Win32
		{992058DC-3804-4FBA-BC8E-4C9A34387817}.Release|x86.Build.0 = Release|Win32
		{56225D11-006D-47CA-9BD8-873DFBEEFEB6}.Debug|x64.ActiveCfg = Debug|x64
		{56225D11-006D-47CA-9BD8-873DFBEEFEB6}.Debug|x64.Build.0 = Debug|x64
		{56225D11-006D-47CA-9BD8-873DFBEEFEB6}.Debug|x86.ActiveCfg = Debug|Win32
		{56225D11-006D-47CA-9BD8-873DFBEEFEB6}.Debug|x86.Build.0 = Debug|Win32
		{56225D11-006D-47CA-9BD8-873DFBEEFEB6}.Release|x64.ActiveCfg = Release|x64
		{56225D11-006D-47CA-9BD8-873DFBEEFEB6}.Release|x64.Build.0 = Release|x64
		{56225D11-006D-47CA-9BD8-873DFBEEFEB6}.Release|x86.ActiveCfg = Release|Win32
		{56225D11-006D-47CA-9BD8-873DFBEEFEB6}.Release|x86.Build.0 = Release|Win32
	EndGlobalSection
	GlobalSection(SolutionProperties) = preSolution
		HideSolutionNode = FALSE
	EndGlobalSection
	GlobalSection(ExtensibilityGlobals) = postSolution
		SolutionGuid = {F4DA58C1-9857-473D-88F0-63AFF6771F3B}
	EndGlobalSection
EndGlobal
